// !$*UTF8*$!
{
	archiveVersion = 1;
	classes = {
	};
	objectVersion = 46;
	objects = {

/* Begin PBXBuildFile section */
		61AD2D66AE2F80EC4C337D4F /* Pods_To_Do_App.framework in Frameworks */ = {isa = PBXBuildFile; fileRef = 0B18F07D7682A810E2AF1EC5 /* Pods_To_Do_App.framework */; };
		7116C8591D564C9B004699E0 /* ForecastWeatherData.swift in Sources */ = {isa = PBXBuildFile; fileRef = 7116C8581D564C9B004699E0 /* ForecastWeatherData.swift */; };
		711843A11D24568800E3CBB2 /* AudioPlayBackViewControllerExtension.swift in Sources */ = {isa = PBXBuildFile; fileRef = 711843A01D24568800E3CBB2 /* AudioPlayBackViewControllerExtension.swift */; };
		7128FAA71D5600030023115C /* CurrentWeatherDataDelegate.swift in Sources */ = {isa = PBXBuildFile; fileRef = 7128FAA61D5600030023115C /* CurrentWeatherDataDelegate.swift */; };
		714A80761D57426F00042456 /* CellWeather.swift in Sources */ = {isa = PBXBuildFile; fileRef = 714A80751D57426F00042456 /* CellWeather.swift */; };
		714A80781D5754A900042456 /* ForecastWeatherDataDelegate.swift in Sources */ = {isa = PBXBuildFile; fileRef = 714A80771D5754A900042456 /* ForecastWeatherDataDelegate.swift */; };
		7163D02F1D4CD754005FEFB6 /* UIAlertMaker.swift in Sources */ = {isa = PBXBuildFile; fileRef = 7163D02E1D4CD754005FEFB6 /* UIAlertMaker.swift */; };
		7163D0311D4CDF3D005FEFB6 /* UIMaker.swift in Sources */ = {isa = PBXBuildFile; fileRef = 7163D0301D4CDF3D005FEFB6 /* UIMaker.swift */; };
		716B39051D3A6A12002D8ABE /* Cell.swift in Sources */ = {isa = PBXBuildFile; fileRef = 716B39041D3A6A12002D8ABE /* Cell.swift */; };
		718D87191CEA50C4001E7F17 /* AppDelegate.swift in Sources */ = {isa = PBXBuildFile; fileRef = 718D87181CEA50C4001E7F17 /* AppDelegate.swift */; };
		718D87201CEA50C4001E7F17 /* Main.storyboard in Resources */ = {isa = PBXBuildFile; fileRef = 718D871E1CEA50C4001E7F17 /* Main.storyboard */; };
		718D87221CEA50C4001E7F17 /* Assets.xcassets in Resources */ = {isa = PBXBuildFile; fileRef = 718D87211CEA50C4001E7F17 /* Assets.xcassets */; };
		718D87251CEA50C4001E7F17 /* LaunchScreen.storyboard in Resources */ = {isa = PBXBuildFile; fileRef = 718D87231CEA50C4001E7F17 /* LaunchScreen.storyboard */; };
		718D872E1CEA5105001E7F17 /* UserData.xcdatamodeld in Sources */ = {isa = PBXBuildFile; fileRef = 718D872C1CEA5105001E7F17 /* UserData.xcdatamodeld */; };
		71922A561D70D2020046F019 /* LocationManager.swift in Sources */ = {isa = PBXBuildFile; fileRef = 71922A551D70D2020046F019 /* LocationManager.swift */; };
		71944F271D08C1E600206B4F /* Database.xcdatamodeld in Sources */ = {isa = PBXBuildFile; fileRef = 71944F251D08C1E500206B4F /* Database.xcdatamodeld */; };
		71944F2B1D0DACE300206B4F /* PlacesViewController.swift in Sources */ = {isa = PBXBuildFile; fileRef = 71944F2A1D0DACE300206B4F /* PlacesViewController.swift */; };
		71944F2D1D0DCC6600206B4F /* MapViewController.swift in Sources */ = {isa = PBXBuildFile; fileRef = 71944F2C1D0DCC6600206B4F /* MapViewController.swift */; };
		71944F2F1D0DCCCD00206B4F /* CoreLocation.framework in Frameworks */ = {isa = PBXBuildFile; fileRef = 71944F2E1D0DCCCD00206B4F /* CoreLocation.framework */; };
		71944F331D13254200206B4F /* AudioRecorderViewController.swift in Sources */ = {isa = PBXBuildFile; fileRef = 71944F321D13254200206B4F /* AudioRecorderViewController.swift */; };
		71944F351D13256100206B4F /* AudioPlayBackViewController.swift in Sources */ = {isa = PBXBuildFile; fileRef = 71944F341D13256100206B4F /* AudioPlayBackViewController.swift */; };
		71944F371D13259C00206B4F /* AudioNotesViewController.swift in Sources */ = {isa = PBXBuildFile; fileRef = 71944F361D13259C00206B4F /* AudioNotesViewController.swift */; };
		71CD64CD1D5517F80019F501 /* GlobalVars.swift in Sources */ = {isa = PBXBuildFile; fileRef = 71CD64CC1D5517F80019F501 /* GlobalVars.swift */; };
		71CD64CF1D5518140019F501 /* CurrentWeatherData.swift in Sources */ = {isa = PBXBuildFile; fileRef = 71CD64CE1D5518140019F501 /* CurrentWeatherData.swift */; };
		71DE25D91D4FC6040051EB47 /* UIViewControllerExtension.swift in Sources */ = {isa = PBXBuildFile; fileRef = 71DE25D81D4FC6040051EB47 /* UIViewControllerExtension.swift */; };
		71DE25DB1D4FCB180051EB47 /* AudioRecorderViewControllerExtension.swift in Sources */ = {isa = PBXBuildFile; fileRef = 71DE25DA1D4FCB180051EB47 /* AudioRecorderViewControllerExtension.swift */; };
		71E810AD1D3F9A5E00B305B8 /* CheckWeatherRequirements.swift in Sources */ = {isa = PBXBuildFile; fileRef = 71E810AC1D3F9A5E00B305B8 /* CheckWeatherRequirements.swift */; };
		71E810B51D44E0C700B305B8 /* OptionsViewController.swift in Sources */ = {isa = PBXBuildFile; fileRef = 71E810B41D44E0C700B305B8 /* OptionsViewController.swift */; };
		71FB98201D2AE87B00BDCBB2 /* PopUpViewController.swift in Sources */ = {isa = PBXBuildFile; fileRef = 71FB981F1D2AE87B00BDCBB2 /* PopUpViewController.swift */; };
		71FC57FB1D47D43D00AFB948 /* StringFormatitng.swift in Sources */ = {isa = PBXBuildFile; fileRef = 71FC57FA1D47D43D00AFB948 /* StringFormatitng.swift */; };
		71FF6D6D1D2C56D80057B22E /* CoreDataFunctions.swift in Sources */ = {isa = PBXBuildFile; fileRef = 71FF6D6C1D2C56D80057B22E /* CoreDataFunctions.swift */; };
		71FF6D791D2E77780057B22E /* TextNotesViewController.swift in Sources */ = {isa = PBXBuildFile; fileRef = 71FF6D781D2E77780057B22E /* TextNotesViewController.swift */; };
		71FF6D7B1D2EB4990057B22E /* MainViewController.swift in Sources */ = {isa = PBXBuildFile; fileRef = 71FF6D7A1D2EB4990057B22E /* MainViewController.swift */; };
		71FF6D7D1D2EF6BA0057B22E /* WeatherViewController.swift in Sources */ = {isa = PBXBuildFile; fileRef = 71FF6D7C1D2EF6BA0057B22E /* WeatherViewController.swift */; };
		71FFDC3C1D4685F7009A4EEE /* Reachability.swift in Sources */ = {isa = PBXBuildFile; fileRef = 71FFDC3B1D4685F7009A4EEE /* Reachability.swift */; };
/* End PBXBuildFile section */

/* Begin PBXFileReference section */
		0B18F07D7682A810E2AF1EC5 /* Pods_To_Do_App.framework */ = {isa = PBXFileReference; explicitFileType = wrapper.framework; includeInIndex = 0; path = Pods_To_Do_App.framework; sourceTree = BUILT_PRODUCTS_DIR; };
		7116C8581D564C9B004699E0 /* ForecastWeatherData.swift */ = {isa = PBXFileReference; fileEncoding = 4; lastKnownFileType = sourcecode.swift; path = ForecastWeatherData.swift; sourceTree = "<group>"; };
		711843A01D24568800E3CBB2 /* AudioPlayBackViewControllerExtension.swift */ = {isa = PBXFileReference; fileEncoding = 4; lastKnownFileType = sourcecode.swift; path = AudioPlayBackViewControllerExtension.swift; sourceTree = "<group>"; };
		7128FAA61D5600030023115C /* CurrentWeatherDataDelegate.swift */ = {isa = PBXFileReference; fileEncoding = 4; lastKnownFileType = sourcecode.swift; path = CurrentWeatherDataDelegate.swift; sourceTree = "<group>"; };
		714A80751D57426F00042456 /* CellWeather.swift */ = {isa = PBXFileReference; fileEncoding = 4; lastKnownFileType = sourcecode.swift; path = CellWeather.swift; sourceTree = "<group>"; };
		714A80771D5754A900042456 /* ForecastWeatherDataDelegate.swift */ = {isa = PBXFileReference; fileEncoding = 4; lastKnownFileType = sourcecode.swift; path = ForecastWeatherDataDelegate.swift; sourceTree = "<group>"; };
		7163D02E1D4CD754005FEFB6 /* UIAlertMaker.swift */ = {isa = PBXFileReference; fileEncoding = 4; lastKnownFileType = sourcecode.swift; path = UIAlertMaker.swift; sourceTree = "<group>"; };
		7163D0301D4CDF3D005FEFB6 /* UIMaker.swift */ = {isa = PBXFileReference; fileEncoding = 4; lastKnownFileType = sourcecode.swift; path = UIMaker.swift; sourceTree = "<group>"; };
		716B39041D3A6A12002D8ABE /* Cell.swift */ = {isa = PBXFileReference; fileEncoding = 4; lastKnownFileType = sourcecode.swift; path = Cell.swift; sourceTree = "<group>"; };
		718D87151CEA50C4001E7F17 /* AnyDay.app */ = {isa = PBXFileReference; explicitFileType = wrapper.application; includeInIndex = 0; path = AnyDay.app; sourceTree = BUILT_PRODUCTS_DIR; };
		718D87181CEA50C4001E7F17 /* AppDelegate.swift */ = {isa = PBXFileReference; lastKnownFileType = sourcecode.swift; path = AppDelegate.swift; sourceTree = "<group>"; };
		718D871F1CEA50C4001E7F17 /* Base */ = {isa = PBXFileReference; lastKnownFileType = file.storyboard; name = Base; path = Base.lproj/Main.storyboard; sourceTree = "<group>"; };
		718D87211CEA50C4001E7F17 /* Assets.xcassets */ = {isa = PBXFileReference; lastKnownFileType = folder.assetcatalog; path = Assets.xcassets; sourceTree = "<group>"; };
		718D87241CEA50C4001E7F17 /* Base */ = {isa = PBXFileReference; lastKnownFileType = file.storyboard; name = Base; path = Base.lproj/LaunchScreen.storyboard; sourceTree = "<group>"; };
		718D87261CEA50C4001E7F17 /* Info.plist */ = {isa = PBXFileReference; lastKnownFileType = text.plist.xml; path = Info.plist; sourceTree = "<group>"; };
		718D872D1CEA5105001E7F17 /* UserData.xcdatamodel */ = {isa = PBXFileReference; lastKnownFileType = wrapper.xcdatamodel; path = UserData.xcdatamodel; sourceTree = "<group>"; };
		71922A551D70D2020046F019 /* LocationManager.swift */ = {isa = PBXFileReference; fileEncoding = 4; lastKnownFileType = sourcecode.swift; path = LocationManager.swift; sourceTree = "<group>"; };
		71944F261D08C1E600206B4F /* Database.xcdatamodel */ = {isa = PBXFileReference; lastKnownFileType = wrapper.xcdatamodel; path = Database.xcdatamodel; sourceTree = "<group>"; };
		71944F2A1D0DACE300206B4F /* PlacesViewController.swift */ = {isa = PBXFileReference; fileEncoding = 4; lastKnownFileType = sourcecode.swift; path = PlacesViewController.swift; sourceTree = "<group>"; };
		71944F2C1D0DCC6600206B4F /* MapViewController.swift */ = {isa = PBXFileReference; fileEncoding = 4; lastKnownFileType = sourcecode.swift; path = MapViewController.swift; sourceTree = "<group>"; };
		71944F2E1D0DCCCD00206B4F /* CoreLocation.framework */ = {isa = PBXFileReference; lastKnownFileType = wrapper.framework; name = CoreLocation.framework; path = System/Library/Frameworks/CoreLocation.framework; sourceTree = SDKROOT; };
		71944F321D13254200206B4F /* AudioRecorderViewController.swift */ = {isa = PBXFileReference; fileEncoding = 4; lastKnownFileType = sourcecode.swift; path = AudioRecorderViewController.swift; sourceTree = "<group>"; };
		71944F341D13256100206B4F /* AudioPlayBackViewController.swift */ = {isa = PBXFileReference; fileEncoding = 4; lastKnownFileType = sourcecode.swift; path = AudioPlayBackViewController.swift; sourceTree = "<group>"; };
		71944F361D13259C00206B4F /* AudioNotesViewController.swift */ = {isa = PBXFileReference; fileEncoding = 4; lastKnownFileType = sourcecode.swift; path = AudioNotesViewController.swift; sourceTree = "<group>"; };
		71CD64CC1D5517F80019F501 /* GlobalVars.swift */ = {isa = PBXFileReference; fileEncoding = 4; lastKnownFileType = sourcecode.swift; path = GlobalVars.swift; sourceTree = "<group>"; };
		71CD64CE1D5518140019F501 /* CurrentWeatherData.swift */ = {isa = PBXFileReference; fileEncoding = 4; lastKnownFileType = sourcecode.swift; path = CurrentWeatherData.swift; sourceTree = "<group>"; };
		71DE25D81D4FC6040051EB47 /* UIViewControllerExtension.swift */ = {isa = PBXFileReference; fileEncoding = 4; lastKnownFileType = sourcecode.swift; path = UIViewControllerExtension.swift; sourceTree = "<group>"; };
		71DE25DA1D4FCB180051EB47 /* AudioRecorderViewControllerExtension.swift */ = {isa = PBXFileReference; fileEncoding = 4; lastKnownFileType = sourcecode.swift; path = AudioRecorderViewControllerExtension.swift; sourceTree = "<group>"; };
		71E810AC1D3F9A5E00B305B8 /* CheckWeatherRequirements.swift */ = {isa = PBXFileReference; fileEncoding = 4; lastKnownFileType = sourcecode.swift; path = CheckWeatherRequirements.swift; sourceTree = "<group>"; };
		71E810B41D44E0C700B305B8 /* OptionsViewController.swift */ = {isa = PBXFileReference; fileEncoding = 4; lastKnownFileType = sourcecode.swift; path = OptionsViewController.swift; sourceTree = "<group>"; };
		71FB981F1D2AE87B00BDCBB2 /* PopUpViewController.swift */ = {isa = PBXFileReference; fileEncoding = 4; lastKnownFileType = sourcecode.swift; path = PopUpViewController.swift; sourceTree = "<group>"; };
		71FC57FA1D47D43D00AFB948 /* StringFormatitng.swift */ = {isa = PBXFileReference; fileEncoding = 4; lastKnownFileType = sourcecode.swift; path = StringFormatitng.swift; sourceTree = "<group>"; };
		71FF6D6C1D2C56D80057B22E /* CoreDataFunctions.swift */ = {isa = PBXFileReference; fileEncoding = 4; lastKnownFileType = sourcecode.swift; path = CoreDataFunctions.swift; sourceTree = "<group>"; };
		71FF6D781D2E77780057B22E /* TextNotesViewController.swift */ = {isa = PBXFileReference; fileEncoding = 4; lastKnownFileType = sourcecode.swift; path = TextNotesViewController.swift; sourceTree = "<group>"; };
		71FF6D7A1D2EB4990057B22E /* MainViewController.swift */ = {isa = PBXFileReference; fileEncoding = 4; lastKnownFileType = sourcecode.swift; path = MainViewController.swift; sourceTree = "<group>"; };
		71FF6D7C1D2EF6BA0057B22E /* WeatherViewController.swift */ = {isa = PBXFileReference; fileEncoding = 4; lastKnownFileType = sourcecode.swift; path = WeatherViewController.swift; sourceTree = "<group>"; };
		71FFDC3B1D4685F7009A4EEE /* Reachability.swift */ = {isa = PBXFileReference; fileEncoding = 4; lastKnownFileType = sourcecode.swift; path = Reachability.swift; sourceTree = "<group>"; };
		BEE2187FDEAD225C980D8CC5 /* Pods-To Do App.release.xcconfig */ = {isa = PBXFileReference; includeInIndex = 1; lastKnownFileType = text.xcconfig; name = "Pods-To Do App.release.xcconfig"; path = "Pods/Target Support Files/Pods-To Do App/Pods-To Do App.release.xcconfig"; sourceTree = "<group>"; };
		CEF63106D563B8B9FFE600A2 /* Pods-To Do App.debug.xcconfig */ = {isa = PBXFileReference; includeInIndex = 1; lastKnownFileType = text.xcconfig; name = "Pods-To Do App.debug.xcconfig"; path = "Pods/Target Support Files/Pods-To Do App/Pods-To Do App.debug.xcconfig"; sourceTree = "<group>"; };
/* End PBXFileReference section */

/* Begin PBXFrameworksBuildPhase section */
		718D87121CEA50C4001E7F17 /* Frameworks */ = {
			isa = PBXFrameworksBuildPhase;
			buildActionMask = 2147483647;
			files = (
				71944F2F1D0DCCCD00206B4F /* CoreLocation.framework in Frameworks */,
				61AD2D66AE2F80EC4C337D4F /* Pods_To_Do_App.framework in Frameworks */,
			);
			runOnlyForDeploymentPostprocessing = 0;
		};
/* End PBXFrameworksBuildPhase section */

/* Begin PBXGroup section */
		7163D02D1D4CD735005FEFB6 /* Protocols */ = {
			isa = PBXGroup;
			children = (
				7163D02E1D4CD754005FEFB6 /* UIAlertMaker.swift */,
				7163D0301D4CDF3D005FEFB6 /* UIMaker.swift */,
				7128FAA61D5600030023115C /* CurrentWeatherDataDelegate.swift */,
				714A80771D5754A900042456 /* ForecastWeatherDataDelegate.swift */,
			);
			name = Protocols;
			sourceTree = "<group>";
		};
		718D870C1CEA50C4001E7F17 = {
			isa = PBXGroup;
			children = (
				71944F2E1D0DCCCD00206B4F /* CoreLocation.framework */,
				718D87171CEA50C4001E7F17 /* AnyDay */,
				718D87161CEA50C4001E7F17 /* Products */,
				CA8FF50A82EA3A20CA0B1B51 /* Pods */,
				A7538B6CC1635646DB061FA0 /* Frameworks */,
			);
			sourceTree = "<group>";
		};
		718D87161CEA50C4001E7F17 /* Products */ = {
			isa = PBXGroup;
			children = (
				718D87151CEA50C4001E7F17 /* AnyDay.app */,
			);
			name = Products;
			sourceTree = "<group>";
		};
		718D87171CEA50C4001E7F17 /* AnyDay */ = {
			isa = PBXGroup;
			children = (
				7163D02D1D4CD735005FEFB6 /* Protocols */,
				71DE25D71D4FC5D00051EB47 /* Extensions */,
				71DE25D21D4D1A400051EB47 /* Controller */,
				71DE25D31D4D1A9D0051EB47 /* View */,
				71DE25D41D4D1AC70051EB47 /* Model */,
				71DE25D61D4D1B1B0051EB47 /* Helper */,
				71DE25D51D4D1AF30051EB47 /* Resources */,
			);
			name = AnyDay;
			path = "To Do App";
			sourceTree = "<group>";
		};
		71DE25D21D4D1A400051EB47 /* Controller */ = {
			isa = PBXGroup;
			children = (
				71FF6D7A1D2EB4990057B22E /* MainViewController.swift */,
				71FF6D7C1D2EF6BA0057B22E /* WeatherViewController.swift */,
				71E810AC1D3F9A5E00B305B8 /* CheckWeatherRequirements.swift */,
				71FF6D781D2E77780057B22E /* TextNotesViewController.swift */,
				71944F2A1D0DACE300206B4F /* PlacesViewController.swift */,
				71944F2C1D0DCC6600206B4F /* MapViewController.swift */,
				71944F361D13259C00206B4F /* AudioNotesViewController.swift */,
				71944F321D13254200206B4F /* AudioRecorderViewController.swift */,
				71944F341D13256100206B4F /* AudioPlayBackViewController.swift */,
				71E810B41D44E0C700B305B8 /* OptionsViewController.swift */,
			);
			name = Controller;
			sourceTree = "<group>";
		};
		71DE25D31D4D1A9D0051EB47 /* View */ = {
			isa = PBXGroup;
			children = (
				718D87181CEA50C4001E7F17 /* AppDelegate.swift */,
				71FB981F1D2AE87B00BDCBB2 /* PopUpViewController.swift */,
				716B39041D3A6A12002D8ABE /* Cell.swift */,
				714A80751D57426F00042456 /* CellWeather.swift */,
				718D871E1CEA50C4001E7F17 /* Main.storyboard */,
				718D87231CEA50C4001E7F17 /* LaunchScreen.storyboard */,
			);
			name = View;
			sourceTree = "<group>";
		};
		71DE25D41D4D1AC70051EB47 /* Model */ = {
			isa = PBXGroup;
			children = (
				71922A551D70D2020046F019 /* LocationManager.swift */,
				71CD64CE1D5518140019F501 /* CurrentWeatherData.swift */,
				7116C8581D564C9B004699E0 /* ForecastWeatherData.swift */,
				71FF6D6C1D2C56D80057B22E /* CoreDataFunctions.swift */,
				71CD64CC1D5517F80019F501 /* GlobalVars.swift */,
				71944F251D08C1E500206B4F /* Database.xcdatamodeld */,
				718D872C1CEA5105001E7F17 /* UserData.xcdatamodeld */,
				718D87261CEA50C4001E7F17 /* Info.plist */,
			);
			name = Model;
			sourceTree = "<group>";
		};
		71DE25D51D4D1AF30051EB47 /* Resources */ = {
			isa = PBXGroup;
			children = (
				718D87211CEA50C4001E7F17 /* Assets.xcassets */,
			);
			name = Resources;
			sourceTree = "<group>";
		};
		71DE25D61D4D1B1B0051EB47 /* Helper */ = {
			isa = PBXGroup;
			children = (
				71FC57FA1D47D43D00AFB948 /* StringFormatitng.swift */,
				71FFDC3B1D4685F7009A4EEE /* Reachability.swift */,
			);
			name = Helper;
			sourceTree = "<group>";
		};
		71DE25D71D4FC5D00051EB47 /* Extensions */ = {
			isa = PBXGroup;
			children = (
				71DE25D81D4FC6040051EB47 /* UIViewControllerExtension.swift */,
				711843A01D24568800E3CBB2 /* AudioPlayBackViewControllerExtension.swift */,
				71DE25DA1D4FCB180051EB47 /* AudioRecorderViewControllerExtension.swift */,
			);
			name = Extensions;
			sourceTree = "<group>";
		};
		A7538B6CC1635646DB061FA0 /* Frameworks */ = {
			isa = PBXGroup;
			children = (
				0B18F07D7682A810E2AF1EC5 /* Pods_To_Do_App.framework */,
			);
			name = Frameworks;
			sourceTree = "<group>";
		};
		CA8FF50A82EA3A20CA0B1B51 /* Pods */ = {
			isa = PBXGroup;
			children = (
				CEF63106D563B8B9FFE600A2 /* Pods-To Do App.debug.xcconfig */,
				BEE2187FDEAD225C980D8CC5 /* Pods-To Do App.release.xcconfig */,
			);
			name = Pods;
			sourceTree = "<group>";
		};
/* End PBXGroup section */

/* Begin PBXNativeTarget section */
		718D87141CEA50C4001E7F17 /* AnyDay */ = {
			isa = PBXNativeTarget;
			buildConfigurationList = 718D87291CEA50C4001E7F17 /* Build configuration list for PBXNativeTarget "AnyDay" */;
			buildPhases = (
				A2E5ABA795E629C2874B69D8 /* [CP] Check Pods Manifest.lock */,
				718D87111CEA50C4001E7F17 /* Sources */,
				718D87121CEA50C4001E7F17 /* Frameworks */,
				718D87131CEA50C4001E7F17 /* Resources */,
				AC1A19340D4573918C108223 /* [CP] Embed Pods Frameworks */,
				179A9D45387302E0F092FC09 /* [CP] Copy Pods Resources */,
			);
			buildRules = (
			);
			dependencies = (
			);
			name = AnyDay;
			productName = "To Do App";
			productReference = 718D87151CEA50C4001E7F17 /* AnyDay.app */;
			productType = "com.apple.product-type.application";
		};
/* End PBXNativeTarget section */

/* Begin PBXProject section */
		718D870D1CEA50C4001E7F17 /* Project object */ = {
			isa = PBXProject;
			attributes = {
				LastSwiftUpdateCheck = 0730;
				LastUpgradeCheck = 0730;
				ORGANIZATIONNAME = "Grzegorz Kwaśniewski";
				TargetAttributes = {
					718D87141CEA50C4001E7F17 = {
						CreatedOnToolsVersion = 7.3;
						DevelopmentTeam = 7K692Z62S3;
					};
				};
			};
			buildConfigurationList = 718D87101CEA50C4001E7F17 /* Build configuration list for PBXProject "AnyDay" */;
			compatibilityVersion = "Xcode 3.2";
			developmentRegion = English;
			hasScannedForEncodings = 0;
			knownRegions = (
				en,
				Base,
			);
			mainGroup = 718D870C1CEA50C4001E7F17;
			productRefGroup = 718D87161CEA50C4001E7F17 /* Products */;
			projectDirPath = "";
			projectRoot = "";
			targets = (
				718D87141CEA50C4001E7F17 /* AnyDay */,
			);
		};
/* End PBXProject section */

/* Begin PBXResourcesBuildPhase section */
		718D87131CEA50C4001E7F17 /* Resources */ = {
			isa = PBXResourcesBuildPhase;
			buildActionMask = 2147483647;
			files = (
				718D87251CEA50C4001E7F17 /* LaunchScreen.storyboard in Resources */,
				718D87221CEA50C4001E7F17 /* Assets.xcassets in Resources */,
				718D87201CEA50C4001E7F17 /* Main.storyboard in Resources */,
			);
			runOnlyForDeploymentPostprocessing = 0;
		};
/* End PBXResourcesBuildPhase section */

/* Begin PBXShellScriptBuildPhase section */
		179A9D45387302E0F092FC09 /* [CP] Copy Pods Resources */ = {
			isa = PBXShellScriptBuildPhase;
			buildActionMask = 2147483647;
			files = (
			);
			inputPaths = (
			);
			name = "[CP] Copy Pods Resources";
			outputPaths = (
			);
			runOnlyForDeploymentPostprocessing = 0;
			shellPath = /bin/sh;
			shellScript = "\"${SRCROOT}/Pods/Target Support Files/Pods-To Do App/Pods-To Do App-resources.sh\"\n";
			showEnvVarsInLog = 0;
		};
		A2E5ABA795E629C2874B69D8 /* [CP] Check Pods Manifest.lock */ = {
			isa = PBXShellScriptBuildPhase;
			buildActionMask = 2147483647;
			files = (
			);
			inputPaths = (
			);
			name = "[CP] Check Pods Manifest.lock";
			outputPaths = (
			);
			runOnlyForDeploymentPostprocessing = 0;
			shellPath = /bin/sh;
			shellScript = "diff \"${PODS_ROOT}/../Podfile.lock\" \"${PODS_ROOT}/Manifest.lock\" > /dev/null\nif [[ $? != 0 ]] ; then\n    cat << EOM\nerror: The sandbox is not in sync with the Podfile.lock. Run 'pod install' or update your CocoaPods installation.\nEOM\n    exit 1\nfi\n";
			showEnvVarsInLog = 0;
		};
		AC1A19340D4573918C108223 /* [CP] Embed Pods Frameworks */ = {
			isa = PBXShellScriptBuildPhase;
			buildActionMask = 2147483647;
			files = (
			);
			inputPaths = (
			);
			name = "[CP] Embed Pods Frameworks";
			outputPaths = (
			);
			runOnlyForDeploymentPostprocessing = 0;
			shellPath = /bin/sh;
			shellScript = "\"${SRCROOT}/Pods/Target Support Files/Pods-To Do App/Pods-To Do App-frameworks.sh\"\n";
			showEnvVarsInLog = 0;
		};
/* End PBXShellScriptBuildPhase section */

/* Begin PBXSourcesBuildPhase section */
		718D87111CEA50C4001E7F17 /* Sources */ = {
			isa = PBXSourcesBuildPhase;
			buildActionMask = 2147483647;
			files = (
				716B39051D3A6A12002D8ABE /* Cell.swift in Sources */,
				71944F2B1D0DACE300206B4F /* PlacesViewController.swift in Sources */,
				71922A561D70D2020046F019 /* LocationManager.swift in Sources */,
				71DE25DB1D4FCB180051EB47 /* AudioRecorderViewControllerExtension.swift in Sources */,
				71FF6D791D2E77780057B22E /* TextNotesViewController.swift in Sources */,
				714A80761D57426F00042456 /* CellWeather.swift in Sources */,
				7128FAA71D5600030023115C /* CurrentWeatherDataDelegate.swift in Sources */,
				714A80781D5754A900042456 /* ForecastWeatherDataDelegate.swift in Sources */,
				71944F331D13254200206B4F /* AudioRecorderViewController.swift in Sources */,
				7163D02F1D4CD754005FEFB6 /* UIAlertMaker.swift in Sources */,
				71CD64CF1D5518140019F501 /* CurrentWeatherData.swift in Sources */,
				71944F271D08C1E600206B4F /* Database.xcdatamodeld in Sources */,
				7116C8591D564C9B004699E0 /* ForecastWeatherData.swift in Sources */,
				71FB98201D2AE87B00BDCBB2 /* PopUpViewController.swift in Sources */,
				71E810B51D44E0C700B305B8 /* OptionsViewController.swift in Sources */,
				71944F371D13259C00206B4F /* AudioNotesViewController.swift in Sources */,
				718D87191CEA50C4001E7F17 /* AppDelegate.swift in Sources */,
				71FF6D6D1D2C56D80057B22E /* CoreDataFunctions.swift in Sources */,
				71FC57FB1D47D43D00AFB948 /* StringFormatitng.swift in Sources */,
				711843A11D24568800E3CBB2 /* AudioPlayBackViewControllerExtension.swift in Sources */,
				718D872E1CEA5105001E7F17 /* UserData.xcdatamodeld in Sources */,
				71E810AD1D3F9A5E00B305B8 /* CheckWeatherRequirements.swift in Sources */,
				7163D0311D4CDF3D005FEFB6 /* UIMaker.swift in Sources */,
				71FF6D7D1D2EF6BA0057B22E /* WeatherViewController.swift in Sources */,
				71FFDC3C1D4685F7009A4EEE /* Reachability.swift in Sources */,
				71FF6D7B1D2EB4990057B22E /* MainViewController.swift in Sources */,
				71944F2D1D0DCC6600206B4F /* MapViewController.swift in Sources */,
				71DE25D91D4FC6040051EB47 /* UIViewControllerExtension.swift in Sources */,
				71944F351D13256100206B4F /* AudioPlayBackViewController.swift in Sources */,
				71CD64CD1D5517F80019F501 /* GlobalVars.swift in Sources */,
			);
			runOnlyForDeploymentPostprocessing = 0;
		};
/* End PBXSourcesBuildPhase section */

/* Begin PBXVariantGroup section */
		718D871E1CEA50C4001E7F17 /* Main.storyboard */ = {
			isa = PBXVariantGroup;
			children = (
				718D871F1CEA50C4001E7F17 /* Base */,
			);
			name = Main.storyboard;
			sourceTree = "<group>";
		};
		718D87231CEA50C4001E7F17 /* LaunchScreen.storyboard */ = {
			isa = PBXVariantGroup;
			children = (
				718D87241CEA50C4001E7F17 /* Base */,
			);
			name = LaunchScreen.storyboard;
			sourceTree = "<group>";
		};
/* End PBXVariantGroup section */

/* Begin XCBuildConfiguration section */
		718D87271CEA50C4001E7F17 /* Debug */ = {
			isa = XCBuildConfiguration;
			buildSettings = {
				ALWAYS_SEARCH_USER_PATHS = NO;
				CLANG_ANALYZER_NONNULL = YES;
				CLANG_CXX_LANGUAGE_STANDARD = "gnu++0x";
				CLANG_CXX_LIBRARY = "libc++";
				CLANG_ENABLE_MODULES = YES;
				CLANG_ENABLE_OBJC_ARC = YES;
				CLANG_WARN_BOOL_CONVERSION = YES;
				CLANG_WARN_CONSTANT_CONVERSION = YES;
				CLANG_WARN_DIRECT_OBJC_ISA_USAGE = YES_ERROR;
				CLANG_WARN_EMPTY_BODY = YES;
				CLANG_WARN_ENUM_CONVERSION = YES;
				CLANG_WARN_INT_CONVERSION = YES;
				CLANG_WARN_OBJC_ROOT_CLASS = YES_ERROR;
				CLANG_WARN_UNREACHABLE_CODE = YES;
				CLANG_WARN__DUPLICATE_METHOD_MATCH = YES;
				"CODE_SIGN_IDENTITY[sdk=iphoneos*]" = "iPhone Developer";
				COPY_PHASE_STRIP = NO;
				DEBUG_INFORMATION_FORMAT = dwarf;
				ENABLE_STRICT_OBJC_MSGSEND = YES;
				ENABLE_TESTABILITY = YES;
				GCC_C_LANGUAGE_STANDARD = gnu99;
				GCC_DYNAMIC_NO_PIC = NO;
				GCC_NO_COMMON_BLOCKS = YES;
				GCC_OPTIMIZATION_LEVEL = 0;
				GCC_PREPROCESSOR_DEFINITIONS = (
					"DEBUG=1",
					"$(inherited)",
				);
				GCC_WARN_64_TO_32_BIT_CONVERSION = YES;
				GCC_WARN_ABOUT_RETURN_TYPE = YES_ERROR;
				GCC_WARN_UNDECLARED_SELECTOR = YES;
				GCC_WARN_UNINITIALIZED_AUTOS = YES_AGGRESSIVE;
				GCC_WARN_UNUSED_FUNCTION = YES;
				GCC_WARN_UNUSED_VARIABLE = YES;
				IPHONEOS_DEPLOYMENT_TARGET = 9.3;
				MTL_ENABLE_DEBUG_INFO = YES;
				ONLY_ACTIVE_ARCH = YES;
				SDKROOT = iphoneos;
				SWIFT_OPTIMIZATION_LEVEL = "-Onone";
			};
			name = Debug;
		};
		718D87281CEA50C4001E7F17 /* Release */ = {
			isa = XCBuildConfiguration;
			buildSettings = {
				ALWAYS_SEARCH_USER_PATHS = NO;
				CLANG_ANALYZER_NONNULL = YES;
				CLANG_CXX_LANGUAGE_STANDARD = "gnu++0x";
				CLANG_CXX_LIBRARY = "libc++";
				CLANG_ENABLE_MODULES = YES;
				CLANG_ENABLE_OBJC_ARC = YES;
				CLANG_WARN_BOOL_CONVERSION = YES;
				CLANG_WARN_CONSTANT_CONVERSION = YES;
				CLANG_WARN_DIRECT_OBJC_ISA_USAGE = YES_ERROR;
				CLANG_WARN_EMPTY_BODY = YES;
				CLANG_WARN_ENUM_CONVERSION = YES;
				CLANG_WARN_INT_CONVERSION = YES;
				CLANG_WARN_OBJC_ROOT_CLASS = YES_ERROR;
				CLANG_WARN_UNREACHABLE_CODE = YES;
				CLANG_WARN__DUPLICATE_METHOD_MATCH = YES;
				"CODE_SIGN_IDENTITY[sdk=iphoneos*]" = "iPhone Developer";
				COPY_PHASE_STRIP = NO;
				DEBUG_INFORMATION_FORMAT = "dwarf-with-dsym";
				ENABLE_NS_ASSERTIONS = NO;
				ENABLE_STRICT_OBJC_MSGSEND = YES;
				GCC_C_LANGUAGE_STANDARD = gnu99;
				GCC_NO_COMMON_BLOCKS = YES;
				GCC_WARN_64_TO_32_BIT_CONVERSION = YES;
				GCC_WARN_ABOUT_RETURN_TYPE = YES_ERROR;
				GCC_WARN_UNDECLARED_SELECTOR = YES;
				GCC_WARN_UNINITIALIZED_AUTOS = YES_AGGRESSIVE;
				GCC_WARN_UNUSED_FUNCTION = YES;
				GCC_WARN_UNUSED_VARIABLE = YES;
				IPHONEOS_DEPLOYMENT_TARGET = 9.3;
				MTL_ENABLE_DEBUG_INFO = NO;
				SDKROOT = iphoneos;
				VALIDATE_PRODUCT = YES;
			};
			name = Release;
		};
		718D872A1CEA50C4001E7F17 /* Debug */ = {
			isa = XCBuildConfiguration;
			baseConfigurationReference = CEF63106D563B8B9FFE600A2 /* Pods-To Do App.debug.xcconfig */;
			buildSettings = {
				ASSETCATALOG_COMPILER_APPICON_NAME = AppIcon;
				CODE_SIGN_IDENTITY = "iPhone Developer";
				"CODE_SIGN_IDENTITY[sdk=iphoneos*]" = "iPhone Developer";
				INFOPLIST_FILE = "To Do App/Info.plist";
				IPHONEOS_DEPLOYMENT_TARGET = 9.0;
				LD_RUNPATH_SEARCH_PATHS = "$(inherited) @executable_path/Frameworks";
				PRODUCT_BUNDLE_IDENTIFIER = com.incodewebelieve.AnyDay;
				PRODUCT_NAME = AnyDay;
				PROVISIONING_PROFILE = "";
				TARGETED_DEVICE_FAMILY = "1,2";
			};
			name = Debug;
		};
		718D872B1CEA50C4001E7F17 /* Release */ = {
			isa = XCBuildConfiguration;
			baseConfigurationReference = BEE2187FDEAD225C980D8CC5 /* Pods-To Do App.release.xcconfig */;
			buildSettings = {
				ASSETCATALOG_COMPILER_APPICON_NAME = AppIcon;
				CODE_SIGN_IDENTITY = "iPhone Developer";
				"CODE_SIGN_IDENTITY[sdk=iphoneos*]" = "iPhone Developer";
				INFOPLIST_FILE = "To Do App/Info.plist";
				IPHONEOS_DEPLOYMENT_TARGET = 9.0;
				LD_RUNPATH_SEARCH_PATHS = "$(inherited) @executable_path/Frameworks";
				PRODUCT_BUNDLE_IDENTIFIER = com.incodewebelieve.AnyDay;
				PRODUCT_NAME = AnyDay;
				PROVISIONING_PROFILE = "";
				TARGETED_DEVICE_FAMILY = "1,2";
			};
			name = Release;
		};
/* End XCBuildConfiguration section */

/* Begin XCConfigurationList section */
		718D87101CEA50C4001E7F17 /* Build configuration list for PBXProject "AnyDay" */ = {
			isa = XCConfigurationList;
			buildConfigurations = (
				718D87271CEA50C4001E7F17 /* Debug */,
				718D87281CEA50C4001E7F17 /* Release */,
			);
			defaultConfigurationIsVisible = 0;
			defaultConfigurationName = Release;
		};
		718D87291CEA50C4001E7F17 /* Build configuration list for PBXNativeTarget "AnyDay" */ = {
			isa = XCConfigurationList;
			buildConfigurations = (
				718D872A1CEA50C4001E7F17 /* Debug */,
				718D872B1CEA50C4001E7F17 /* Release */,
			);
			defaultConfigurationIsVisible = 0;
			defaultConfigurationName = Release;
		};
/* End XCConfigurationList section */

/* Begin XCVersionGroup section */
		718D872C1CEA5105001E7F17 /* UserData.xcdatamodeld */ = {
			isa = XCVersionGroup;
			children = (
				718D872D1CEA5105001E7F17 /* UserData.xcdatamodel */,
			);
			currentVersion = 718D872D1CEA5105001E7F17 /* UserData.xcdatamodel */;
			path = UserData.xcdatamodeld;
			sourceTree = "<group>";
			versionGroupType = wrapper.xcdatamodel;
		};
		71944F251D08C1E500206B4F /* Database.xcdatamodeld */ = {
			isa = XCVersionGroup;
			children = (
				71944F261D08C1E600206B4F /* Database.xcdatamodel */,
			);
			currentVersion = 71944F261D08C1E600206B4F /* Database.xcdatamodel */;
			path = Database.xcdatamodeld;
			sourceTree = "<group>";
			versionGroupType = wrapper.xcdatamodel;
		};
/* End XCVersionGroup section */
	};
	rootObject = 718D870D1CEA50C4001E7F17 /* Project object */;
}
